// !$*UTF8*$!
{
	archiveVersion = 1;
	classes = {
	};
	objectVersion = 46;
	objects = {

/* Begin PBXBuildFile section */
		34428C9E1AB90B9B00F5BD5E /* main.m in Sources */ = {isa = PBXBuildFile; fileRef = 34428C9D1AB90B9B00F5BD5E /* main.m */; };
		34428CA11AB90B9B00F5BD5E /* AppDelegate.m in Sources */ = {isa = PBXBuildFile; fileRef = 34428CA01AB90B9B00F5BD5E /* AppDelegate.m */; };
		34428CA41AB90B9B00F5BD5E /* JSONTutorial.xcdatamodeld in Sources */ = {isa = PBXBuildFile; fileRef = 34428CA21AB90B9B00F5BD5E /* JSONTutorial.xcdatamodeld */; };
		34428CA71AB90B9B00F5BD5E /* ViewController.m in Sources */ = {isa = PBXBuildFile; fileRef = 34428CA61AB90B9B00F5BD5E /* ViewController.m */; };
		34428CAA1AB90B9B00F5BD5E /* Main.storyboard in Resources */ = {isa = PBXBuildFile; fileRef = 34428CA81AB90B9B00F5BD5E /* Main.storyboard */; };
		34428CAC1AB90B9B00F5BD5E /* Images.xcassets in Resources */ = {isa = PBXBuildFile; fileRef = 34428CAB1AB90B9B00F5BD5E /* Images.xcassets */; };
		34428CAF1AB90B9B00F5BD5E /* LaunchScreen.xib in Resources */ = {isa = PBXBuildFile; fileRef = 34428CAD1AB90B9B00F5BD5E /* LaunchScreen.xib */; };
		34428CBB1AB90B9C00F5BD5E /* JSONTutorialTests.m in Sources */ = {isa = PBXBuildFile; fileRef = 34428CBA1AB90B9C00F5BD5E /* JSONTutorialTests.m */; };
		34428CE01AB90C7A00F5BD5E /* NSObject+SBJson.m in Sources */ = {isa = PBXBuildFile; fileRef = 34428CC81AB90C7A00F5BD5E /* NSObject+SBJson.m */; };
		34428CE11AB90C7A00F5BD5E /* SBJsonParser.m in Sources */ = {isa = PBXBuildFile; fileRef = 34428CCB1AB90C7A00F5BD5E /* SBJsonParser.m */; };
		34428CE21AB90C7A00F5BD5E /* SBJsonStreamParser.m in Sources */ = {isa = PBXBuildFile; fileRef = 34428CCD1AB90C7A00F5BD5E /* SBJsonStreamParser.m */; };
		34428CE31AB90C7A00F5BD5E /* SBJsonStreamParserAccumulator.m in Sources */ = {isa = PBXBuildFile; fileRef = 34428CCF1AB90C7A00F5BD5E /* SBJsonStreamParserAccumulator.m */; };
		34428CE41AB90C7A00F5BD5E /* SBJsonStreamParserAdapter.m in Sources */ = {isa = PBXBuildFile; fileRef = 34428CD11AB90C7A00F5BD5E /* SBJsonStreamParserAdapter.m */; };
		34428CE51AB90C7A00F5BD5E /* SBJsonStreamParserState.m in Sources */ = {isa = PBXBuildFile; fileRef = 34428CD31AB90C7A00F5BD5E /* SBJsonStreamParserState.m */; };
		34428CE61AB90C7A00F5BD5E /* SBJsonStreamWriter.m in Sources */ = {isa = PBXBuildFile; fileRef = 34428CD51AB90C7A00F5BD5E /* SBJsonStreamWriter.m */; };
		34428CE71AB90C7A00F5BD5E /* SBJsonStreamWriterAccumulator.m in Sources */ = {isa = PBXBuildFile; fileRef = 34428CD71AB90C7A00F5BD5E /* SBJsonStreamWriterAccumulator.m */; };
		34428CE81AB90C7A00F5BD5E /* SBJsonStreamWriterState.m in Sources */ = {isa = PBXBuildFile; fileRef = 34428CD91AB90C7A00F5BD5E /* SBJsonStreamWriterState.m */; };
		34428CE91AB90C7A00F5BD5E /* SBJsonTokeniser.m in Sources */ = {isa = PBXBuildFile; fileRef = 34428CDB1AB90C7A00F5BD5E /* SBJsonTokeniser.m */; };
		34428CEA1AB90C7A00F5BD5E /* SBJsonUTF8Stream.m in Sources */ = {isa = PBXBuildFile; fileRef = 34428CDD1AB90C7A00F5BD5E /* SBJsonUTF8Stream.m */; };
		34428CEB1AB90C7A00F5BD5E /* SBJsonWriter.m in Sources */ = {isa = PBXBuildFile; fileRef = 34428CDF1AB90C7A00F5BD5E /* SBJsonWriter.m */; };
		34428CF31AB913DE00F5BD5E /* cellEstudiantes.m in Sources */ = {isa = PBXBuildFile; fileRef = 34428CF11AB913DE00F5BD5E /* cellEstudiantes.m */; };
		34428CF41AB913DE00F5BD5E /* cellEstudiantes.xib in Resources */ = {isa = PBXBuildFile; fileRef = 34428CF21AB913DE00F5BD5E /* cellEstudiantes.xib */; };
/* End PBXBuildFile section */

/* Begin PBXContainerItemProxy section */
		34428CB51AB90B9C00F5BD5E /* PBXContainerItemProxy */ = {
			isa = PBXContainerItemProxy;
			containerPortal = 34428C901AB90B9B00F5BD5E /* Project object */;
			proxyType = 1;
			remoteGlobalIDString = 34428C971AB90B9B00F5BD5E;
			remoteInfo = JSONTutorial;
		};
/* End PBXContainerItemProxy section */

/* Begin PBXFileReference section */
		34428C981AB90B9B00F5BD5E /* JSONTutorial.app */ = {isa = PBXFileReference; explicitFileType = wrapper.application; includeInIndex = 0; path = JSONTutorial.app; sourceTree = BUILT_PRODUCTS_DIR; };
		34428C9C1AB90B9B00F5BD5E /* Info.plist */ = {isa = PBXFileReference; lastKnownFileType = text.plist.xml; path = Info.plist; sourceTree = "<group>"; };
		34428C9D1AB90B9B00F5BD5E /* main.m */ = {isa = PBXFileReference; lastKnownFileType = sourcecode.c.objc; path = main.m; sourceTree = "<group>"; };
		34428C9F1AB90B9B00F5BD5E /* AppDelegate.h */ = {isa = PBXFileReference; lastKnownFileType = sourcecode.c.h; path = AppDelegate.h; sourceTree = "<group>"; };
		34428CA01AB90B9B00F5BD5E /* AppDelegate.m */ = {isa = PBXFileReference; lastKnownFileType = sourcecode.c.objc; path = AppDelegate.m; sourceTree = "<group>"; };
		34428CA31AB90B9B00F5BD5E /* JSONTutorial.xcdatamodel */ = {isa = PBXFileReference; lastKnownFileType = wrapper.xcdatamodel; path = JSONTutorial.xcdatamodel; sourceTree = "<group>"; };
		34428CA51AB90B9B00F5BD5E /* ViewController.h */ = {isa = PBXFileReference; lastKnownFileType = sourcecode.c.h; path = ViewController.h; sourceTree = "<group>"; };
		34428CA61AB90B9B00F5BD5E /* ViewController.m */ = {isa = PBXFileReference; lastKnownFileType = sourcecode.c.objc; path = ViewController.m; sourceTree = "<group>"; };
		34428CA91AB90B9B00F5BD5E /* Base */ = {isa = PBXFileReference; lastKnownFileType = file.storyboard; name = Base; path = Base.lproj/Main.storyboard; sourceTree = "<group>"; };
		34428CAB1AB90B9B00F5BD5E /* Images.xcassets */ = {isa = PBXFileReference; lastKnownFileType = folder.assetcatalog; path = Images.xcassets; sourceTree = "<group>"; };
		34428CAE1AB90B9B00F5BD5E /* Base */ = {isa = PBXFileReference; lastKnownFileType = file.xib; name = Base; path = Base.lproj/LaunchScreen.xib; sourceTree = "<group>"; };
		34428CB41AB90B9C00F5BD5E /* JSONTutorialTests.xctest */ = {isa = PBXFileReference; explicitFileType = wrapper.cfbundle; includeInIndex = 0; path = JSONTutorialTests.xctest; sourceTree = BUILT_PRODUCTS_DIR; };
		34428CB91AB90B9C00F5BD5E /* Info.plist */ = {isa = PBXFileReference; lastKnownFileType = text.plist.xml; path = Info.plist; sourceTree = "<group>"; };
		34428CBA1AB90B9C00F5BD5E /* JSONTutorialTests.m */ = {isa = PBXFileReference; lastKnownFileType = sourcecode.c.objc; path = JSONTutorialTests.m; sourceTree = "<group>"; };
		34428CC71AB90C7A00F5BD5E /* NSObject+SBJson.h */ = {isa = PBXFileReference; fileEncoding = 4; lastKnownFileType = sourcecode.c.h; path = "NSObject+SBJson.h"; sourceTree = "<group>"; };
		34428CC81AB90C7A00F5BD5E /* NSObject+SBJson.m */ = {isa = PBXFileReference; fileEncoding = 4; lastKnownFileType = sourcecode.c.objc; path = "NSObject+SBJson.m"; sourceTree = "<group>"; };
		34428CC91AB90C7A00F5BD5E /* SBJson.h */ = {isa = PBXFileReference; fileEncoding = 4; lastKnownFileType = sourcecode.c.h; path = SBJson.h; sourceTree = "<group>"; };
		34428CCA1AB90C7A00F5BD5E /* SBJsonParser.h */ = {isa = PBXFileReference; fileEncoding = 4; lastKnownFileType = sourcecode.c.h; path = SBJsonParser.h; sourceTree = "<group>"; };
		34428CCB1AB90C7A00F5BD5E /* SBJsonParser.m */ = {isa = PBXFileReference; fileEncoding = 4; lastKnownFileType = sourcecode.c.objc; path = SBJsonParser.m; sourceTree = "<group>"; };
		34428CCC1AB90C7A00F5BD5E /* SBJsonStreamParser.h */ = {isa = PBXFileReference; fileEncoding = 4; lastKnownFileType = sourcecode.c.h; path = SBJsonStreamParser.h; sourceTree = "<group>"; };
		34428CCD1AB90C7A00F5BD5E /* SBJsonStreamParser.m */ = {isa = PBXFileReference; fileEncoding = 4; lastKnownFileType = sourcecode.c.objc; path = SBJsonStreamParser.m; sourceTree = "<group>"; };
		34428CCE1AB90C7A00F5BD5E /* SBJsonStreamParserAccumulator.h */ = {isa = PBXFileReference; fileEncoding = 4; lastKnownFileType = sourcecode.c.h; path = SBJsonStreamParserAccumulator.h; sourceTree = "<group>"; };
		34428CCF1AB90C7A00F5BD5E /* SBJsonStreamParserAccumulator.m */ = {isa = PBXFileReference; fileEncoding = 4; lastKnownFileType = sourcecode.c.objc; path = SBJsonStreamParserAccumulator.m; sourceTree = "<group>"; };
		34428CD01AB90C7A00F5BD5E /* SBJsonStreamParserAdapter.h */ = {isa = PBXFileReference; fileEncoding = 4; lastKnownFileType = sourcecode.c.h; path = SBJsonStreamParserAdapter.h; sourceTree = "<group>"; };
		34428CD11AB90C7A00F5BD5E /* SBJsonStreamParserAdapter.m */ = {isa = PBXFileReference; fileEncoding = 4; lastKnownFileType = sourcecode.c.objc; path = SBJsonStreamParserAdapter.m; sourceTree = "<group>"; };
		34428CD21AB90C7A00F5BD5E /* SBJsonStreamParserState.h */ = {isa = PBXFileReference; fileEncoding = 4; lastKnownFileType = sourcecode.c.h; path = SBJsonStreamParserState.h; sourceTree = "<group>"; };
		34428CD31AB90C7A00F5BD5E /* SBJsonStreamParserState.m */ = {isa = PBXFileReference; fileEncoding = 4; lastKnownFileType = sourcecode.c.objc; path = SBJsonStreamParserState.m; sourceTree = "<group>"; };
		34428CD41AB90C7A00F5BD5E /* SBJsonStreamWriter.h */ = {isa = PBXFileReference; fileEncoding = 4; lastKnownFileType = sourcecode.c.h; path = SBJsonStreamWriter.h; sourceTree = "<group>"; };
		34428CD51AB90C7A00F5BD5E /* SBJsonStreamWriter.m */ = {isa = PBXFileReference; fileEncoding = 4; lastKnownFileType = sourcecode.c.objc; path = SBJsonStreamWriter.m; sourceTree = "<group>"; };
		34428CD61AB90C7A00F5BD5E /* SBJsonStreamWriterAccumulator.h */ = {isa = PBXFileReference; fileEncoding = 4; lastKnownFileType = sourcecode.c.h; path = SBJsonStreamWriterAccumulator.h; sourceTree = "<group>"; };
		34428CD71AB90C7A00F5BD5E /* SBJsonStreamWriterAccumulator.m */ = {isa = PBXFileReference; fileEncoding = 4; lastKnownFileType = sourcecode.c.objc; path = SBJsonStreamWriterAccumulator.m; sourceTree = "<group>"; };
		34428CD81AB90C7A00F5BD5E /* SBJsonStreamWriterState.h */ = {isa = PBXFileReference; fileEncoding = 4; lastKnownFileType = sourcecode.c.h; path = SBJsonStreamWriterState.h; sourceTree = "<group>"; };
		34428CD91AB90C7A00F5BD5E /* SBJsonStreamWriterState.m */ = {isa = PBXFileReference; fileEncoding = 4; lastKnownFileType = sourcecode.c.objc; path = SBJsonStreamWriterState.m; sourceTree = "<group>"; };
		34428CDA1AB90C7A00F5BD5E /* SBJsonTokeniser.h */ = {isa = PBXFileReference; fileEncoding = 4; lastKnownFileType = sourcecode.c.h; path = SBJsonTokeniser.h; sourceTree = "<group>"; };
		34428CDB1AB90C7A00F5BD5E /* SBJsonTokeniser.m */ = {isa = PBXFileReference; fileEncoding = 4; lastKnownFileType = sourcecode.c.objc; path = SBJsonTokeniser.m; sourceTree = "<group>"; };
		34428CDC1AB90C7A00F5BD5E /* SBJsonUTF8Stream.h */ = {isa = PBXFileReference; fileEncoding = 4; lastKnownFileType = sourcecode.c.h; path = SBJsonUTF8Stream.h; sourceTree = "<group>"; };
		34428CDD1AB90C7A00F5BD5E /* SBJsonUTF8Stream.m */ = {isa = PBXFileReference; fileEncoding = 4; lastKnownFileType = sourcecode.c.objc; path = SBJsonUTF8Stream.m; sourceTree = "<group>"; };
		34428CDE1AB90C7A00F5BD5E /* SBJsonWriter.h */ = {isa = PBXFileReference; fileEncoding = 4; lastKnownFileType = sourcecode.c.h; path = SBJsonWriter.h; sourceTree = "<group>"; };
		34428CDF1AB90C7A00F5BD5E /* SBJsonWriter.m */ = {isa = PBXFileReference; fileEncoding = 4; lastKnownFileType = sourcecode.c.objc; path = SBJsonWriter.m; sourceTree = "<group>"; };
		34428CF01AB913DE00F5BD5E /* cellEstudiantes.h */ = {isa = PBXFileReference; fileEncoding = 4; lastKnownFileType = sourcecode.c.h; path = cellEstudiantes.h; sourceTree = "<group>"; };
		34428CF11AB913DE00F5BD5E /* cellEstudiantes.m */ = {isa = PBXFileReference; fileEncoding = 4; lastKnownFileType = sourcecode.c.objc; path = cellEstudiantes.m; sourceTree = "<group>"; };
		34428CF21AB913DE00F5BD5E /* cellEstudiantes.xib */ = {isa = PBXFileReference; fileEncoding = 4; lastKnownFileType = file.xib; path = cellEstudiantes.xib; sourceTree = "<group>"; };
/* End PBXFileReference section */

/* Begin PBXFrameworksBuildPhase section */
		34428C951AB90B9B00F5BD5E /* Frameworks */ = {
			isa = PBXFrameworksBuildPhase;
			buildActionMask = 2147483647;
			files = (
			);
			runOnlyForDeploymentPostprocessing = 0;
		};
		34428CB11AB90B9C00F5BD5E /* Frameworks */ = {
			isa = PBXFrameworksBuildPhase;
			buildActionMask = 2147483647;
			files = (
			);
			runOnlyForDeploymentPostprocessing = 0;
		};
/* End PBXFrameworksBuildPhase section */

/* Begin PBXGroup section */
		34428C8F1AB90B9B00F5BD5E = {
			isa = PBXGroup;
			children = (
				34428C9A1AB90B9B00F5BD5E /* JSONTutorial */,
				34428CB71AB90B9C00F5BD5E /* JSONTutorialTests */,
				34428C991AB90B9B00F5BD5E /* Products */,
			);
			sourceTree = "<group>";
		};
		34428C991AB90B9B00F5BD5E /* Products */ = {
			isa = PBXGroup;
			children = (
				34428C981AB90B9B00F5BD5E /* JSONTutorial.app */,
				34428CB41AB90B9C00F5BD5E /* JSONTutorialTests.xctest */,
			);
			name = Products;
			sourceTree = "<group>";
		};
		34428C9A1AB90B9B00F5BD5E /* JSONTutorial */ = {
			isa = PBXGroup;
			children = (
				34428CEF1AB9135000F5BD5E /* Cells */,
				34428CC61AB90C7A00F5BD5E /* json */,
				34428CC51AB90C0500F5BD5E /* Main */,
				34428CC41AB90BED00F5BD5E /* Controllers */,
				34428CA81AB90B9B00F5BD5E /* Main.storyboard */,
				34428CAB1AB90B9B00F5BD5E /* Images.xcassets */,
				34428CAD1AB90B9B00F5BD5E /* LaunchScreen.xib */,
				34428CA21AB90B9B00F5BD5E /* JSONTutorial.xcdatamodeld */,
				34428C9B1AB90B9B00F5BD5E /* Supporting Files */,
			);
			path = JSONTutorial;
			sourceTree = "<group>";
		};
		34428C9B1AB90B9B00F5BD5E /* Supporting Files */ = {
			isa = PBXGroup;
			children = (
				34428C9C1AB90B9B00F5BD5E /* Info.plist */,
				34428C9D1AB90B9B00F5BD5E /* main.m */,
			);
			name = "Supporting Files";
			sourceTree = "<group>";
		};
		34428CB71AB90B9C00F5BD5E /* JSONTutorialTests */ = {
			isa = PBXGroup;
			children = (
				34428CBA1AB90B9C00F5BD5E /* JSONTutorialTests.m */,
				34428CB81AB90B9C00F5BD5E /* Supporting Files */,
			);
			path = JSONTutorialTests;
			sourceTree = "<group>";
		};
		34428CB81AB90B9C00F5BD5E /* Supporting Files */ = {
			isa = PBXGroup;
			children = (
				34428CB91AB90B9C00F5BD5E /* Info.plist */,
			);
			name = "Supporting Files";
			sourceTree = "<group>";
		};
		34428CC41AB90BED00F5BD5E /* Controllers */ = {
			isa = PBXGroup;
			children = (
				34428CA51AB90B9B00F5BD5E /* ViewController.h */,
				34428CA61AB90B9B00F5BD5E /* ViewController.m */,
			);
			name = Controllers;
			sourceTree = "<group>";
		};
		34428CC51AB90C0500F5BD5E /* Main */ = {
			isa = PBXGroup;
			children = (
				34428C9F1AB90B9B00F5BD5E /* AppDelegate.h */,
				34428CA01AB90B9B00F5BD5E /* AppDelegate.m */,
			);
			name = Main;
			sourceTree = "<group>";
		};
		34428CC61AB90C7A00F5BD5E /* json */ = {
			isa = PBXGroup;
			children = (
				34428CC71AB90C7A00F5BD5E /* NSObject+SBJson.h */,
				34428CC81AB90C7A00F5BD5E /* NSObject+SBJson.m */,
				34428CC91AB90C7A00F5BD5E /* SBJson.h */,
				34428CCA1AB90C7A00F5BD5E /* SBJsonParser.h */,
				34428CCB1AB90C7A00F5BD5E /* SBJsonParser.m */,
				34428CCC1AB90C7A00F5BD5E /* SBJsonStreamParser.h */,
				34428CCD1AB90C7A00F5BD5E /* SBJsonStreamParser.m */,
				34428CCE1AB90C7A00F5BD5E /* SBJsonStreamParserAccumulator.h */,
				34428CCF1AB90C7A00F5BD5E /* SBJsonStreamParserAccumulator.m */,
				34428CD01AB90C7A00F5BD5E /* SBJsonStreamParserAdapter.h */,
				34428CD11AB90C7A00F5BD5E /* SBJsonStreamParserAdapter.m */,
				34428CD21AB90C7A00F5BD5E /* SBJsonStreamParserState.h */,
				34428CD31AB90C7A00F5BD5E /* SBJsonStreamParserState.m */,
				34428CD41AB90C7A00F5BD5E /* SBJsonStreamWriter.h */,
				34428CD51AB90C7A00F5BD5E /* SBJsonStreamWriter.m */,
				34428CD61AB90C7A00F5BD5E /* SBJsonStreamWriterAccumulator.h */,
				34428CD71AB90C7A00F5BD5E /* SBJsonStreamWriterAccumulator.m */,
				34428CD81AB90C7A00F5BD5E /* SBJsonStreamWriterState.h */,
				34428CD91AB90C7A00F5BD5E /* SBJsonStreamWriterState.m */,
				34428CDA1AB90C7A00F5BD5E /* SBJsonTokeniser.h */,
				34428CDB1AB90C7A00F5BD5E /* SBJsonTokeniser.m */,
				34428CDC1AB90C7A00F5BD5E /* SBJsonUTF8Stream.h */,
				34428CDD1AB90C7A00F5BD5E /* SBJsonUTF8Stream.m */,
				34428CDE1AB90C7A00F5BD5E /* SBJsonWriter.h */,
				34428CDF1AB90C7A00F5BD5E /* SBJsonWriter.m */,
			);
			path = json;
			sourceTree = "<group>";
		};
		34428CEF1AB9135000F5BD5E /* Cells */ = {
			isa = PBXGroup;
			children = (
				34428CF01AB913DE00F5BD5E /* cellEstudiantes.h */,
				34428CF11AB913DE00F5BD5E /* cellEstudiantes.m */,
				34428CF21AB913DE00F5BD5E /* cellEstudiantes.xib */,
			);
			name = Cells;
			sourceTree = "<group>";
		};
/* End PBXGroup section */

/* Begin PBXNativeTarget section */
		34428C971AB90B9B00F5BD5E /* JSONTutorial */ = {
			isa = PBXNativeTarget;
			buildConfigurationList = 34428CBE1AB90B9C00F5BD5E /* Build configuration list for PBXNativeTarget "JSONTutorial" */;
			buildPhases = (
				34428C941AB90B9B00F5BD5E /* Sources */,
				34428C951AB90B9B00F5BD5E /* Frameworks */,
				34428C961AB90B9B00F5BD5E /* Resources */,
			);
			buildRules = (
			);
			dependencies = (
			);
			name = JSONTutorial;
			productName = JSONTutorial;
			productReference = 34428C981AB90B9B00F5BD5E /* JSONTutorial.app */;
			productType = "com.apple.product-type.application";
		};
		34428CB31AB90B9C00F5BD5E /* JSONTutorialTests */ = {
			isa = PBXNativeTarget;
			buildConfigurationList = 34428CC11AB90B9C00F5BD5E /* Build configuration list for PBXNativeTarget "JSONTutorialTests" */;
			buildPhases = (
				34428CB01AB90B9C00F5BD5E /* Sources */,
				34428CB11AB90B9C00F5BD5E /* Frameworks */,
				34428CB21AB90B9C00F5BD5E /* Resources */,
			);
			buildRules = (
			);
			dependencies = (
				34428CB61AB90B9C00F5BD5E /* PBXTargetDependency */,
			);
			name = JSONTutorialTests;
			productName = JSONTutorialTests;
			productReference = 34428CB41AB90B9C00F5BD5E /* JSONTutorialTests.xctest */;
			productType = "com.apple.product-type.bundle.unit-test";
		};
/* End PBXNativeTarget section */

/* Begin PBXProject section */
		34428C901AB90B9B00F5BD5E /* Project object */ = {
			isa = PBXProject;
			attributes = {
				LastUpgradeCheck = 0620;
				ORGANIZATIONNAME = "Alvaro Zetina";
				TargetAttributes = {
					34428C971AB90B9B00F5BD5E = {
						CreatedOnToolsVersion = 6.2;
					};
					34428CB31AB90B9C00F5BD5E = {
						CreatedOnToolsVersion = 6.2;
						TestTargetID = 34428C971AB90B9B00F5BD5E;
					};
				};
			};
			buildConfigurationList = 34428C931AB90B9B00F5BD5E /* Build configuration list for PBXProject "JSONTutorial" */;
			compatibilityVersion = "Xcode 3.2";
			developmentRegion = English;
			hasScannedForEncodings = 0;
			knownRegions = (
				en,
				Base,
			);
			mainGroup = 34428C8F1AB90B9B00F5BD5E;
			productRefGroup = 34428C991AB90B9B00F5BD5E /* Products */;
			projectDirPath = "";
			projectRoot = "";
			targets = (
				34428C971AB90B9B00F5BD5E /* JSONTutorial */,
				34428CB31AB90B9C00F5BD5E /* JSONTutorialTests */,
			);
		};
/* End PBXProject section */

/* Begin PBXResourcesBuildPhase section */
		34428C961AB90B9B00F5BD5E /* Resources */ = {
			isa = PBXResourcesBuildPhase;
			buildActionMask = 2147483647;
			files = (
				34428CAA1AB90B9B00F5BD5E /* Main.storyboard in Resources */,
				34428CF41AB913DE00F5BD5E /* cellEstudiantes.xib in Resources */,
				34428CAF1AB90B9B00F5BD5E /* LaunchScreen.xib in Resources */,
				34428CAC1AB90B9B00F5BD5E /* Images.xcassets in Resources */,
			);
			runOnlyForDeploymentPostprocessing = 0;
		};
		34428CB21AB90B9C00F5BD5E /* Resources */ = {
			isa = PBXResourcesBuildPhase;
			buildActionMask = 2147483647;
			files = (
			);
			runOnlyForDeploymentPostprocessing = 0;
		};
/* End PBXResourcesBuildPhase section */

/* Begin PBXSourcesBuildPhase section */
		34428C941AB90B9B00F5BD5E /* Sources */ = {
			isa = PBXSourcesBuildPhase;
			buildActionMask = 2147483647;
			files = (
				34428CA41AB90B9B00F5BD5E /* JSONTutorial.xcdatamodeld in Sources */,
				34428CA11AB90B9B00F5BD5E /* AppDelegate.m in Sources */,
				34428CE71AB90C7A00F5BD5E /* SBJsonStreamWriterAccumulator.m in Sources */,
				34428CE31AB90C7A00F5BD5E /* SBJsonStreamParserAccumulator.m in Sources */,
				34428CE51AB90C7A00F5BD5E /* SBJsonStreamParserState.m in Sources */,
				34428CF31AB913DE00F5BD5E /* cellEstudiantes.m in Sources */,
				34428CEB1AB90C7A00F5BD5E /* SBJsonWriter.m in Sources */,
				34428CA71AB90B9B00F5BD5E /* ViewController.m in Sources */,
				34428CE81AB90C7A00F5BD5E /* SBJsonStreamWriterState.m in Sources */,
				34428CE11AB90C7A00F5BD5E /* SBJsonParser.m in Sources */,
				34428CEA1AB90C7A00F5BD5E /* SBJsonUTF8Stream.m in Sources */,
				34428CE21AB90C7A00F5BD5E /* SBJsonStreamParser.m in Sources */,
				34428CE91AB90C7A00F5BD5E /* SBJsonTokeniser.m in Sources */,
				34428CE01AB90C7A00F5BD5E /* NSObject+SBJson.m in Sources */,
				34428C9E1AB90B9B00F5BD5E /* main.m in Sources */,
				34428CE61AB90C7A00F5BD5E /* SBJsonStreamWriter.m in Sources */,
				34428CE41AB90C7A00F5BD5E /* SBJsonStreamParserAdapter.m in Sources */,
			);
			runOnlyForDeploymentPostprocessing = 0;
		};
		34428CB01AB90B9C00F5BD5E /* Sources */ = {
			isa = PBXSourcesBuildPhase;
			buildActionMask = 2147483647;
			files = (
				34428CBB1AB90B9C00F5BD5E /* JSONTutorialTests.m in Sources */,
			);
			runOnlyForDeploymentPostprocessing = 0;
		};
/* End PBXSourcesBuildPhase section */

/* Begin PBXTargetDependency section */
		34428CB61AB90B9C00F5BD5E /* PBXTargetDependency */ = {
			isa = PBXTargetDependency;
			target = 34428C971AB90B9B00F5BD5E /* JSONTutorial */;
			targetProxy = 34428CB51AB90B9C00F5BD5E /* PBXContainerItemProxy */;
		};
/* End PBXTargetDependency section */

/* Begin PBXVariantGroup section */
		34428CA81AB90B9B00F5BD5E /* Main.storyboard */ = {
			isa = PBXVariantGroup;
			children = (
				34428CA91AB90B9B00F5BD5E /* Base */,
			);
			name = Main.storyboard;
			sourceTree = "<group>";
		};
		34428CAD1AB90B9B00F5BD5E /* LaunchScreen.xib */ = {
			isa = PBXVariantGroup;
			children = (
				34428CAE1AB90B9B00F5BD5E /* Base */,
			);
			name = LaunchScreen.xib;
			sourceTree = "<group>";
		};
/* End PBXVariantGroup section */

/* Begin XCBuildConfiguration section */
		34428CBC1AB90B9C00F5BD5E /* Debug */ = {
			isa = XCBuildConfiguration;
			buildSettings = {
				ALWAYS_SEARCH_USER_PATHS = NO;
				CLANG_CXX_LANGUAGE_STANDARD = "gnu++0x";
				CLANG_CXX_LIBRARY = "libc++";
				CLANG_ENABLE_MODULES = YES;
				CLANG_ENABLE_OBJC_ARC = YES;
				CLANG_WARN_BOOL_CONVERSION = YES;
				CLANG_WARN_CONSTANT_CONVERSION = YES;
				CLANG_WARN_DIRECT_OBJC_ISA_USAGE = YES_ERROR;
				CLANG_WARN_EMPTY_BODY = YES;
				CLANG_WARN_ENUM_CONVERSION = YES;
				CLANG_WARN_INT_CONVERSION = YES;
				CLANG_WARN_OBJC_ROOT_CLASS = YES_ERROR;
				CLANG_WARN_UNREACHABLE_CODE = YES;
				CLANG_WARN__DUPLICATE_METHOD_MATCH = YES;
				"CODE_SIGN_IDENTITY[sdk=iphoneos*]" = "iPhone Developer";
				COPY_PHASE_STRIP = NO;
				ENABLE_STRICT_OBJC_MSGSEND = YES;
				GCC_C_LANGUAGE_STANDARD = gnu99;
				GCC_DYNAMIC_NO_PIC = NO;
				GCC_OPTIMIZATION_LEVEL = 0;
				GCC_PREPROCESSOR_DEFINITIONS = (
					"DEBUG=1",
					"$(inherited)",
				);
				GCC_SYMBOLS_PRIVATE_EXTERN = NO;
				GCC_WARN_64_TO_32_BIT_CONVERSION = YES;
				GCC_WARN_ABOUT_RETURN_TYPE = YES_ERROR;
				GCC_WARN_UNDECLARED_SELECTOR = YES;
				GCC_WARN_UNINITIALIZED_AUTOS = YES_AGGRESSIVE;
				GCC_WARN_UNUSED_FUNCTION = YES;
				GCC_WARN_UNUSED_VARIABLE = YES;
				IPHONEOS_DEPLOYMENT_TARGET = 8.2;
				MTL_ENABLE_DEBUG_INFO = YES;
				ONLY_ACTIVE_ARCH = YES;
				SDKROOT = iphoneos;
				TARGETED_DEVICE_FAMILY = "1,2";
			};
			name = Debug;
		};
		34428CBD1AB90B9C00F5BD5E /* Release */ = {
			isa = XCBuildConfiguration;
			buildSettings = {
				ALWAYS_SEARCH_USER_PATHS = NO;
				CLANG_CXX_LANGUAGE_STANDARD = "gnu++0x";
				CLANG_CXX_LIBRARY = "libc++";
				CLANG_ENABLE_MODULES = YES;
				CLANG_ENABLE_OBJC_ARC = YES;
				CLANG_WARN_BOOL_CONVERSION = YES;
				CLANG_WARN_CONSTANT_CONVERSION = YES;
				CLANG_WARN_DIRECT_OBJC_ISA_USAGE = YES_ERROR;
				CLANG_WARN_EMPTY_BODY = YES;
				CLANG_WARN_ENUM_CONVERSION = YES;
				CLANG_WARN_INT_CONVERSION = YES;
				CLANG_WARN_OBJC_ROOT_CLASS = YES_ERROR;
				CLANG_WARN_UNREACHABLE_CODE = YES;
				CLANG_WARN__DUPLICATE_METHOD_MATCH = YES;
				"CODE_SIGN_IDENTITY[sdk=iphoneos*]" = "iPhone Developer";
				COPY_PHASE_STRIP = NO;
				ENABLE_NS_ASSERTIONS = NO;
				ENABLE_STRICT_OBJC_MSGSEND = YES;
				GCC_C_LANGUAGE_STANDARD = gnu99;
				GCC_WARN_64_TO_32_BIT_CONVERSION = YES;
				GCC_WARN_ABOUT_RETURN_TYPE = YES_ERROR;
				GCC_WARN_UNDECLARED_SELECTOR = YES;
				GCC_WARN_UNINITIALIZED_AUTOS = YES_AGGRESSIVE;
				GCC_WARN_UNUSED_FUNCTION = YES;
				GCC_WARN_UNUSED_VARIABLE = YES;
				IPHONEOS_DEPLOYMENT_TARGET = 8.2;
				MTL_ENABLE_DEBUG_INFO = NO;
				SDKROOT = iphoneos;
				TARGETED_DEVICE_FAMILY = "1,2";
				VALIDATE_PRODUCT = YES;
			};
			name = Release;
		};
		34428CBF1AB90B9C00F5BD5E /* Debug */ = {
			isa = XCBuildConfiguration;
			buildSettings = {
				ASSETCATALOG_COMPILER_APPICON_NAME = AppIcon;
				INFOPLIST_FILE = JSONTutorial/Info.plist;
				LD_RUNPATH_SEARCH_PATHS = "$(inherited) @executable_path/Frameworks";
				PRODUCT_NAME = "$(TARGET_NAME)";
			};
			name = Debug;
		};
		34428CC01AB90B9C00F5BD5E /* Release */ = {
			isa = XCBuildConfiguration;
			buildSettings = {
				ASSETCATALOG_COMPILER_APPICON_NAME = AppIcon;
				INFOPLIST_FILE = JSONTutorial/Info.plist;
				LD_RUNPATH_SEARCH_PATHS = "$(inherited) @executable_path/Frameworks";
				PRODUCT_NAME = "$(TARGET_NAME)";
			};
			name = Release;
		};
		34428CC21AB90B9C00F5BD5E /* Debug */ = {
			isa = XCBuildConfiguration;
			buildSettings = {
				BUNDLE_LOADER = "$(TEST_HOST)";
				FRAMEWORK_SEARCH_PATHS = (
					"$(SDKROOT)/Developer/Library/Frameworks",
					"$(inherited)",
				);
				GCC_PREPROCESSOR_DEFINITIONS = (
					"DEBUG=1",
					"$(inherited)",
				);
				INFOPLIST_FILE = JSONTutorialTests/Info.plist;
				LD_RUNPATH_SEARCH_PATHS = "$(inherited) @executable_path/Frameworks @loader_path/Frameworks";
				PRODUCT_NAME = "$(TARGET_NAME)";
				TEST_HOST = "$(BUILT_PRODUCTS_DIR)/JSONTutorial.app/JSONTutorial";
			};
			name = Debug;
		};
		34428CC31AB90B9C00F5BD5E /* Release */ = {
			isa = XCBuildConfiguration;
			buildSettings = {
				BUNDLE_LOADER = "$(TEST_HOST)";
				FRAMEWORK_SEARCH_PATHS = (
					"$(SDKROOT)/Developer/Library/Frameworks",
					"$(inherited)",
				);
				INFOPLIST_FILE = JSONTutorialTests/Info.plist;
				LD_RUNPATH_SEARCH_PATHS = "$(inherited) @executable_path/Frameworks @loader_path/Frameworks";
				PRODUCT_NAME = "$(TARGET_NAME)";
				TEST_HOST = "$(BUILT_PRODUCTS_DIR)/JSONTutorial.app/JSONTutorial";
			};
			name = Release;
		};
/* End XCBuildConfiguration section */

/* Begin XCConfigurationList section */
		34428C931AB90B9B00F5BD5E /* Build configuration list for PBXProject "JSONTutorial" */ = {
			isa = XCConfigurationList;
			buildConfigurations = (
				34428CBC1AB90B9C00F5BD5E /* Debug */,
				34428CBD1AB90B9C00F5BD5E /* Release */,
			);
			defaultConfigurationIsVisible = 0;
			defaultConfigurationName = Release;
		};
		34428CBE1AB90B9C00F5BD5E /* Build configuration list for PBXNativeTarget "JSONTutorial" */ = {
			isa = XCConfigurationList;
			buildConfigurations = (
				34428CBF1AB90B9C00F5BD5E /* Debug */,
				34428CC01AB90B9C00F5BD5E /* Release */,
			);
			defaultConfigurationIsVisible = 0;
		};
		34428CC11AB90B9C00F5BD5E /* Build configuration list for PBXNativeTarget "JSONTutorialTests" */ = {
			isa = XCConfigurationList;
			buildConfigurations = (
				34428CC21AB90B9C00F5BD5E /* Debug */,
				34428CC31AB90B9C00F5BD5E /* Release */,
			);
			defaultConfigurationIsVisible = 0;
		};
/* End XCConfigurationList section */

/* Begin XCVersionGroup section */
		34428CA21AB90B9B00F5BD5E /* JSONTutorial.xcdatamodeld */ = {
			isa = XCVersionGroup;
			children = (
				34428CA31AB90B9B00F5BD5E /* JSONTutorial.xcdatamodel */,
			);
			currentVersion = 34428CA31AB90B9B00F5BD5E /* JSONTutorial.xcdatamodel */;
			path = JSONTutorial.xcdatamodeld;
			sourceTree = "<group>";
			versionGroupType = wrapper.xcdatamodel;
		};
/* End XCVersionGroup section */
	};
	rootObject = 34428C901AB90B9B00F5BD5E /* Project object */;
}
